
Microsoft Visual Studio Solution File, Format Version 12.00
# Visual Studio Version 16
VisualStudioVersion = 16.0.29123.88
MinimumVisualStudioVersion = 10.0.40219.1
Project("{FAE04EC0-301F-11D3-BF4B-00C04F79EFBC}") = "MailUygulama", "MailUygulama\MailUygulama.csproj", "{988F0B99-F6D1-4C19-8E7B-6A6324FAF0F9}"
EndProject
Global
	GlobalSection(SolutionConfigurationPlatforms) = preSolution
		Debug|Any CPU = Debug|Any CPU
		Release|Any CPU = Release|Any CPU
	EndGlobalSection
	GlobalSection(ProjectConfigurationPlatforms) = postSolution
		{988F0B99-F6D1-4C19-8E7B-6A6324FAF0F9}.Debug|Any CPU.ActiveCfg = Debug|Any CPU
		{988F0B99-F6D1-4C19-8E7B-6A6324FAF0F9}.Debug|Any CPU.Build.0 = Debug|Any CPU
		{988F0B99-F6D1-4C19-8E7B-6A6324FAF0F9}.Release|Any CPU.ActiveCfg = Release|Any CPU
		{988F0B99-F6D1-4C19-8E7B-6A6324FAF0F9}.Release|Any CPU.Build.0 = Release|Any CPU
	EndGlobalSection
	GlobalSection(SolutionProperties) = preSolution
		HideSolutionNode = FALSE
	EndGlobalSection
	GlobalSection(ExtensibilityGlobals) = postSolution
		SolutionGuid = {6F145E0C-C0B2-4FA0-849C-2E0EEB49CB06}
	EndGlobalSection
EndGlobal
